
Microsoft Visual Studio Solution File, Format Version 12.00
# Visual Studio Version 17
VisualStudioVersion = 17.11.35222.181
MinimumVisualStudioVersion = 10.0.40219.1
Project("{9A19103F-16F7-4668-BE54-9A1E7A4F7556}") = "Unicam.Paradigmi.Modelli", "Unicam.Paradigmi.Modelli\Unicam.Paradigmi.Modelli.csproj", "{D33D2AA9-0249-4EBE-B2D3-42790052899C}"
EndProject
Project("{9A19103F-16F7-4668-BE54-9A1E7A4F7556}") = "Unicam.Paradigmi.Web", "Unicam.Paradigmi.Web\Unicam.Paradigmi.Web.csproj", "{42444926-7D42-45E7-B167-3B23F78CF76A}"
EndProject
Project("{9A19103F-16F7-4668-BE54-9A1E7A4F7556}") = "Unicam.Paradigmi.Application", "Unicam.Paradigmi.Application\Unicam.Paradigmi.Application.csproj", "{7F018C25-5CAF-4427-A659-9A060FA6007D}"
EndProject
Project("{2150E333-8FDC-42A3-9474-1A3956D46DE8}") = "DB", "DB", "{616E700E-2186-4DD2-92F5-0F76CB1E54CB}"
	ProjectSection(SolutionItems) = preProject
		dump.sql = dump.sql
	EndProjectSection
EndProject
Global
	GlobalSection(SolutionConfigurationPlatforms) = preSolution
		Debug|Any CPU = Debug|Any CPU
		Release|Any CPU = Release|Any CPU
	EndGlobalSection
	GlobalSection(ProjectConfigurationPlatforms) = postSolution
		{D33D2AA9-0249-4EBE-B2D3-42790052899C}.Debug|Any CPU.ActiveCfg = Debug|Any CPU
		{D33D2AA9-0249-4EBE-B2D3-42790052899C}.Debug|Any CPU.Build.0 = Debug|Any CPU
		{D33D2AA9-0249-4EBE-B2D3-42790052899C}.Release|Any CPU.ActiveCfg = Release|Any CPU
		{D33D2AA9-0249-4EBE-B2D3-42790052899C}.Release|Any CPU.Build.0 = Release|Any CPU
		{42444926-7D42-45E7-B167-3B23F78CF76A}.Debug|Any CPU.ActiveCfg = Debug|Any CPU
		{42444926-7D42-45E7-B167-3B23F78CF76A}.Debug|Any CPU.Build.0 = Debug|Any CPU
		{42444926-7D42-45E7-B167-3B23F78CF76A}.Release|Any CPU.ActiveCfg = Release|Any CPU
		{42444926-7D42-45E7-B167-3B23F78CF76A}.Release|Any CPU.Build.0 = Release|Any CPU
		{7F018C25-5CAF-4427-A659-9A060FA6007D}.Debug|Any CPU.ActiveCfg = Debug|Any CPU
		{7F018C25-5CAF-4427-A659-9A060FA6007D}.Debug|Any CPU.Build.0 = Debug|Any CPU
		{7F018C25-5CAF-4427-A659-9A060FA6007D}.Release|Any CPU.ActiveCfg = Release|Any CPU
		{7F018C25-5CAF-4427-A659-9A060FA6007D}.Release|Any CPU.Build.0 = Release|Any CPU
	EndGlobalSection
	GlobalSection(SolutionProperties) = preSolution
		HideSolutionNode = FALSE
	EndGlobalSection
	GlobalSection(ExtensibilityGlobals) = postSolution
		SolutionGuid = {6EFB2883-A8D7-4E3F-993F-03723DF803E6}
	EndGlobalSection
EndGlobal
